// !$*UTF8*$!
{
	archiveVersion = 1;
	classes = {
	};
	objectVersion = 42;
	objects = {

/* Begin PBXBuildFile section */
		966B2FF50D45F9830017962F /* DirtJNI.h in Headers */ = {isa = PBXBuildFile; fileRef = 966B2FF40D45F9830017962F /* DirtJNI.h */; };
		966C65B60D42CD580083FD51 /* DirtJNI.m in Sources */ = {isa = PBXBuildFile; fileRef = 966C65B50D42CD580083FD51 /* DirtJNI.m */; };
		966C65CF0D42D0860083FD51 /* AppKit.framework in Frameworks */ = {isa = PBXBuildFile; fileRef = 966C65CE0D42D0860083FD51 /* AppKit.framework */; };
		96C58D0D0C5B1BAB00ADBEA3 /* DirtJNI.c in Sources */ = {isa = PBXBuildFile; fileRef = 96C58D0C0C5B1BAB00ADBEA3 /* DirtJNI.c */; };
		96C58D730C5B22FC00ADBEA3 /* AddressBook.framework in Frameworks */ = {isa = PBXBuildFile; fileRef = 96C58D700C5B22FC00ADBEA3 /* AddressBook.framework */; };
		96C58D740C5B22FC00ADBEA3 /* CoreFoundation.framework in Frameworks */ = {isa = PBXBuildFile; fileRef = 96C58D710C5B22FC00ADBEA3 /* CoreFoundation.framework */; };
		96C58D750C5B22FC00ADBEA3 /* JavaVM.framework in Frameworks */ = {isa = PBXBuildFile; fileRef = 96C58D720C5B22FC00ADBEA3 /* JavaVM.framework */; };
		96C58E3A0C5B24AF00ADBEA3 /* ApplicationServices.framework in Frameworks */ = {isa = PBXBuildFile; fileRef = 96C58E390C5B24AF00ADBEA3 /* ApplicationServices.framework */; };
		D2AAC0B105546B7500DB518D /* Carbon.framework in Frameworks */ = {isa = PBXBuildFile; fileRef = 08FB77AAFE841565C02AAC07 /* Carbon.framework */; };
/* End PBXBuildFile section */

/* Begin PBXFileReference section */
		08FB77AAFE841565C02AAC07 /* Carbon.framework */ = {isa = PBXFileReference; lastKnownFileType = wrapper.framework; name = Carbon.framework; path = /System/Library/Frameworks/Carbon.framework; sourceTree = "<absolute>"; };
		32BAE0B70371A74B00C91783 /* DirtJNI_Prefix.pch */ = {isa = PBXFileReference; fileEncoding = 4; lastKnownFileType = sourcecode.c.h; path = DirtJNI_Prefix.pch; sourceTree = "<group>"; };
		966B2FF40D45F9830017962F /* DirtJNI.h */ = {isa = PBXFileReference; fileEncoding = 4; lastKnownFileType = sourcecode.c.h; path = DirtJNI.h; sourceTree = "<group>"; };
		966C65B50D42CD580083FD51 /* DirtJNI.m */ = {isa = PBXFileReference; fileEncoding = 4; lastKnownFileType = sourcecode.c.objc; path = DirtJNI.m; sourceTree = "<group>"; };
		966C65CE0D42D0860083FD51 /* AppKit.framework */ = {isa = PBXFileReference; lastKnownFileType = wrapper.framework; name = AppKit.framework; path = /System/Library/Frameworks/AppKit.framework; sourceTree = "<absolute>"; };
		96C58D0C0C5B1BAB00ADBEA3 /* DirtJNI.c */ = {isa = PBXFileReference; fileEncoding = 4; lastKnownFileType = sourcecode.c.c; path = DirtJNI.c; sourceTree = "<group>"; };
		96C58D490C5B21DB00ADBEA3 /* au_com_gslabs_dirt_lib_ui_jfc_jni_MacOS.h */ = {isa = PBXFileReference; fileEncoding = 30; lastKnownFileType = sourcecode.c.h; path = au_com_gslabs_dirt_lib_ui_jfc_jni_MacOS.h; sourceTree = "<group>"; };
		96C58D700C5B22FC00ADBEA3 /* AddressBook.framework */ = {isa = PBXFileReference; lastKnownFileType = wrapper.framework; name = AddressBook.framework; path = /System/Library/Frameworks/AddressBook.framework; sourceTree = "<absolute>"; };
		96C58D710C5B22FC00ADBEA3 /* CoreFoundation.framework */ = {isa = PBXFileReference; lastKnownFileType = wrapper.framework; name = CoreFoundation.framework; path = /System/Library/Frameworks/CoreFoundation.framework; sourceTree = "<absolute>"; };
		96C58D720C5B22FC00ADBEA3 /* JavaVM.framework */ = {isa = PBXFileReference; lastKnownFileType = wrapper.framework; name = JavaVM.framework; path = /System/Library/Frameworks/JavaVM.framework; sourceTree = "<absolute>"; };
		96C58E390C5B24AF00ADBEA3 /* ApplicationServices.framework */ = {isa = PBXFileReference; lastKnownFileType = wrapper.framework; name = ApplicationServices.framework; path = /System/Library/Frameworks/ApplicationServices.framework; sourceTree = "<absolute>"; };
		96E061B00C5B624C00CE3ADB /* au_com_gslabs_dirt_lib_util_jni_MacOS.h */ = {isa = PBXFileReference; fileEncoding = 30; lastKnownFileType = sourcecode.c.h; path = au_com_gslabs_dirt_lib_util_jni_MacOS.h; sourceTree = "<group>"; };
		D2AAC09D05546B4700DB518D /* libDirtJNI.jnilib */ = {isa = PBXFileReference; explicitFileType = "compiled.mach-o.dylib"; includeInIndex = 0; path = libDirtJNI.jnilib; sourceTree = BUILT_PRODUCTS_DIR; };
/* End PBXFileReference section */

/* Begin PBXFrameworksBuildPhase section */
		D2AAC09B05546B4700DB518D /* Frameworks */ = {
			isa = PBXFrameworksBuildPhase;
			buildActionMask = 2147483647;
			files = (
				D2AAC0B105546B7500DB518D /* Carbon.framework in Frameworks */,
				96C58D730C5B22FC00ADBEA3 /* AddressBook.framework in Frameworks */,
				96C58D740C5B22FC00ADBEA3 /* CoreFoundation.framework in Frameworks */,
				96C58D750C5B22FC00ADBEA3 /* JavaVM.framework in Frameworks */,
				96C58E3A0C5B24AF00ADBEA3 /* ApplicationServices.framework in Frameworks */,
				966C65CF0D42D0860083FD51 /* AppKit.framework in Frameworks */,
			);
			runOnlyForDeploymentPostprocessing = 0;
		};
/* End PBXFrameworksBuildPhase section */

/* Begin PBXGroup section */
		034768DDFF38A45A11DB9C8B /* Products */ = {
			isa = PBXGroup;
			children = (
				D2AAC09D05546B4700DB518D /* libDirtJNI.jnilib */,
			);
			name = Products;
			sourceTree = "<group>";
		};
		0867D691FE84028FC02AAC07 /* DirtJNI */ = {
			isa = PBXGroup;
			children = (
				08FB77ACFE841707C02AAC07 /* Source */,
				0867D69AFE84028FC02AAC07 /* External Frameworks and Libraries */,
				034768DDFF38A45A11DB9C8B /* Products */,
			);
			name = DirtJNI;
			sourceTree = "<group>";
		};
		0867D69AFE84028FC02AAC07 /* External Frameworks and Libraries */ = {
			isa = PBXGroup;
			children = (
				966C65CE0D42D0860083FD51 /* AppKit.framework */,
				96E061B00C5B624C00CE3ADB /* au_com_gslabs_dirt_lib_util_jni_MacOS.h */,
				96C58D490C5B21DB00ADBEA3 /* au_com_gslabs_dirt_lib_ui_jfc_jni_MacOS.h */,
				96C58E390C5B24AF00ADBEA3 /* ApplicationServices.framework */,
				96C58D700C5B22FC00ADBEA3 /* AddressBook.framework */,
				96C58D710C5B22FC00ADBEA3 /* CoreFoundation.framework */,
				96C58D720C5B22FC00ADBEA3 /* JavaVM.framework */,
				08FB77AAFE841565C02AAC07 /* Carbon.framework */,
			);
			name = "External Frameworks and Libraries";
			sourceTree = "<group>";
		};
		08FB77ACFE841707C02AAC07 /* Source */ = {
			isa = PBXGroup;
			children = (
				966B2FF40D45F9830017962F /* DirtJNI.h */,
				966C65B50D42CD580083FD51 /* DirtJNI.m */,
				96C58D0C0C5B1BAB00ADBEA3 /* DirtJNI.c */,
				32BAE0B70371A74B00C91783 /* DirtJNI_Prefix.pch */,
			);
			name = Source;
			sourceTree = "<group>";
		};
/* End PBXGroup section */

/* Begin PBXHeadersBuildPhase section */
		D2AAC09905546B4700DB518D /* Headers */ = {
			isa = PBXHeadersBuildPhase;
			buildActionMask = 2147483647;
			files = (
				966B2FF50D45F9830017962F /* DirtJNI.h in Headers */,
			);
			runOnlyForDeploymentPostprocessing = 0;
		};
/* End PBXHeadersBuildPhase section */

/* Begin PBXNativeTarget section */
		D2AAC09C05546B4700DB518D /* DirtJNI */ = {
			isa = PBXNativeTarget;
			buildConfigurationList = 1DEB916008733D950010E9CD /* Build configuration list for PBXNativeTarget "DirtJNI" */;
			buildPhases = (
				96C58D260C5B1EDF00ADBEA3 /* ShellScript */,
				D2AAC09905546B4700DB518D /* Headers */,
				D2AAC09B05546B4700DB518D /* Frameworks */,
				D2AAC09A05546B4700DB518D /* Sources */,
			);
			buildRules = (
			);
			dependencies = (
			);
			name = DirtJNI;
			productName = DirtJNI;
			productReference = D2AAC09D05546B4700DB518D /* libDirtJNI.jnilib */;
			productType = "com.apple.product-type.library.dynamic";
		};
/* End PBXNativeTarget section */

/* Begin PBXProject section */
		0867D690FE84028FC02AAC07 /* Project object */ = {
			isa = PBXProject;
			buildConfigurationList = 1DEB916408733D950010E9CD /* Build configuration list for PBXProject "DirtJNI" */;
			compatibilityVersion = "Xcode 2.4";
			hasScannedForEncodings = 1;
			mainGroup = 0867D691FE84028FC02AAC07 /* DirtJNI */;
			productRefGroup = 034768DDFF38A45A11DB9C8B /* Products */;
			projectDirPath = "";
			projectRoot = "";
			targets = (
				D2AAC09C05546B4700DB518D /* DirtJNI */,
			);
		};
/* End PBXProject section */

/* Begin PBXShellScriptBuildPhase section */
		96C58D260C5B1EDF00ADBEA3 /* ShellScript */ = {
			isa = PBXShellScriptBuildPhase;
			buildActionMask = 2147483647;
			files = (
			);
			inputPaths = (
			);
			outputPaths = (
			);
			runOnlyForDeploymentPostprocessing = 0;
			shellPath = /bin/sh;
			shellScript = "javah -classpath ../../build/main-classes au.com.gslabs.dirt.lib.ui.jfc.jni.MacOS\njavah -classpath ../../build/main-classes au.com.gslabs.dirt.lib.util.jni.MacOS\n";
		};
/* End PBXShellScriptBuildPhase section */

/* Begin PBXSourcesBuildPhase section */
		D2AAC09A05546B4700DB518D /* Sources */ = {
			isa = PBXSourcesBuildPhase;
			buildActionMask = 2147483647;
			files = (
				96C58D0D0C5B1BAB00ADBEA3 /* DirtJNI.c in Sources */,
				966C65B60D42CD580083FD51 /* DirtJNI.m in Sources */,
			);
			runOnlyForDeploymentPostprocessing = 0;
		};
/* End PBXSourcesBuildPhase section */

/* Begin XCBuildConfiguration section */
		1DEB916108733D950010E9CD /* Debug */ = {
			isa = XCBuildConfiguration;
			buildSettings = {
				COPY_PHASE_STRIP = NO;
				DYLIB_COMPATIBILITY_VERSION = 1;
				DYLIB_CURRENT_VERSION = 1;
				GCC_DYNAMIC_NO_PIC = NO;
				GCC_ENABLE_FIX_AND_CONTINUE = YES;
				GCC_MODEL_TUNING = G5;
				GCC_OPTIMIZATION_LEVEL = 0;
				GCC_PRECOMPILE_PREFIX_HEADER = YES;
				GCC_PREFIX_HEADER = DirtJNI_Prefix.pch;
				INSTALL_PATH = /usr/local/lib;
				PRODUCT_NAME = DirtJNI;
				ZERO_LINK = YES;
			};
			name = Debug;
		};
		1DEB916208733D950010E9CD /* Release */ = {
			isa = XCBuildConfiguration;
			buildSettings = {
				ARCHS = (
					i386,
					ppc,
					ppc64,
					x86_64,
				);
				DYLIB_COMPATIBILITY_VERSION = 1;
				DYLIB_CURRENT_VERSION = 1;
				GCC_GENERATE_DEBUGGING_SYMBOLS = NO;
				GCC_MODEL_TUNING = G5;
				GCC_PRECOMPILE_PREFIX_HEADER = YES;
				GCC_PREFIX_HEADER = DirtJNI_Prefix.pch;
				INSTALL_PATH = /usr/local/lib;
				PRODUCT_NAME = DirtJNI;
			};
			name = Release;
		};
		1DEB916508733D950010E9CD /* Debug */ = {
			isa = XCBuildConfiguration;
			buildSettings = {
				ARCHS = (
					i386,
					ppc,
					ppc64,
					x86_64,
				);
				EXECUTABLE_EXTENSION = jnilib;
				EXECUTABLE_PREFIX = lib;
				GCC_WARN_ABOUT_RETURN_TYPE = YES;
				GCC_WARN_UNUSED_VARIABLE = YES;
				HEADER_SEARCH_PATHS = /System/Library/Frameworks/JavaVM.framework/Headers;
				PREBINDING = NO;
				PRODUCT_NAME = DirtJNI;
				SDKROOT_i386 = /Developer/SDKs/MacOSX10.4u.sdk;
				SDKROOT_ppc = /Developer/SDKs/MacOSX10.4u.sdk;
				SDKROOT_ppc64 = /Developer/SDKs/MacOSX10.5.sdk;
				SDKROOT_ppc7400 = /Developer/SDKs/MacOSX10.4u.sdk;
				SDKROOT_ppc970 = /Developer/SDKs/MacOSX10.4u.sdk;
				SDKROOT_x86_64 = /Developer/SDKs/MacOSX10.5.sdk;
			};
			name = Debug;
		};
		1DEB916608733D950010E9CD /* Release */ = {
			isa = XCBuildConfiguration;
			buildSettings = {
				ARCHS = (
					i386,
					ppc,
					ppc64,
					x86_64,
				);
				EXECUTABLE_EXTENSION = jnilib;
				EXECUTABLE_PREFIX = lib;
				GCC_WARN_ABOUT_RETURN_TYPE = YES;
				GCC_WARN_UNUSED_VARIABLE = YES;
				HEADER_SEARCH_PATHS = /System/Library/Frameworks/JavaVM.framework/Headers;
				PREBINDING = NO;
				PRODUCT_NAME = DirtJNI;
				SDKROOT_i386 = /Developer/SDKs/MacOSX10.4u.sdk;
				SDKROOT_ppc = /Developer/SDKs/MacOSX10.4u.sdk;
				SDKROOT_ppc64 = /Developer/SDKs/MacOSX10.5.sdk;
				SDKROOT_ppc7400 = /Developer/SDKs/MacOSX10.4u.sdk;
				SDKROOT_ppc970 = /Developer/SDKs/MacOSX10.4u.sdk;
				SDKROOT_x86_64 = /Developer/SDKs/MacOSX10.5.sdk;
			};
			name = Release;
		};
/* End XCBuildConfiguration section */

/* Begin XCConfigurationList section */
		1DEB916008733D950010E9CD /* Build configuration list for PBXNativeTarget "DirtJNI" */ = {
			isa = XCConfigurationList;
			buildConfigurations = (
				1DEB916108733D950010E9CD /* Debug */,
				1DEB916208733D950010E9CD /* Release */,
			);
			defaultConfigurationIsVisible = 0;
			defaultConfigurationName = Release;
		};
		1DEB916408733D950010E9CD /* Build configuration list for PBXProject "DirtJNI" */ = {
			isa = XCConfigurationList;
			buildConfigurations = (
				1DEB916508733D950010E9CD /* Debug */,
				1DEB916608733D950010E9CD /* Release */,
			);
			defaultConfigurationIsVisible = 0;
			defaultConfigurationName = Release;
		};
/* End XCConfigurationList section */
	};
	rootObject = 0867D690FE84028FC02AAC07 /* Project object */;
}
